
Microsoft Visual Studio Solution File, Format Version 12.00
# Visual Studio Version 17
VisualStudioVersion = 17.5.33502.453
MinimumVisualStudioVersion = 10.0.40219.1
Project("{FAE04EC0-301F-11D3-BF4B-00C04F79EFBC}") = "MoodAnalyser", "MoodAnalyser\MoodAnalyser.csproj", "{B57A0C3C-C249-4472-945A-60362E3F87FD}"
EndProject
Project("{FAE04EC0-301F-11D3-BF4B-00C04F79EFBC}") = "MoodAnalyserMsTest", "MoodAnalyserMsTest\MoodAnalyserMsTest.csproj", "{73769A06-5410-4897-8D8C-0ABFAA6F9249}"
EndProject
Global
	GlobalSection(SolutionConfigurationPlatforms) = preSolution
		Debug|Any CPU = Debug|Any CPU
		Release|Any CPU = Release|Any CPU
	EndGlobalSection
	GlobalSection(ProjectConfigurationPlatforms) = postSolution
		{B57A0C3C-C249-4472-945A-60362E3F87FD}.Debug|Any CPU.ActiveCfg = Debug|Any CPU
		{B57A0C3C-C249-4472-945A-60362E3F87FD}.Debug|Any CPU.Build.0 = Debug|Any CPU
		{B57A0C3C-C249-4472-945A-60362E3F87FD}.Release|Any CPU.ActiveCfg = Release|Any CPU
		{B57A0C3C-C249-4472-945A-60362E3F87FD}.Release|Any CPU.Build.0 = Release|Any CPU
		{73769A06-5410-4897-8D8C-0ABFAA6F9249}.Debug|Any CPU.ActiveCfg = Debug|Any CPU
		{73769A06-5410-4897-8D8C-0ABFAA6F9249}.Debug|Any CPU.Build.0 = Debug|Any CPU
		{73769A06-5410-4897-8D8C-0ABFAA6F9249}.Release|Any CPU.ActiveCfg = Release|Any CPU
		{73769A06-5410-4897-8D8C-0ABFAA6F9249}.Release|Any CPU.Build.0 = Release|Any CPU
	EndGlobalSection
	GlobalSection(SolutionProperties) = preSolution
		HideSolutionNode = FALSE
	EndGlobalSection
	GlobalSection(ExtensibilityGlobals) = postSolution
		SolutionGuid = {698BE434-02BF-4B37-AFF4-E99D79BA3D57}
	EndGlobalSection
EndGlobal
